
Microsoft Visual Studio Solution File, Format Version 12.00
# Visual Studio Version 16
VisualStudioVersion = 16.0.29409.12
MinimumVisualStudioVersion = 10.0.40219.1
Project("{2150E333-8FDC-42A3-9474-1A3956D46DE8}") = "Src", "Src", "{D98B48EC-5B87-4D03-B36C-8892A66032CB}"
EndProject
Project("{2150E333-8FDC-42A3-9474-1A3956D46DE8}") = "Core", "Core", "{FBD34104-F8EF-4237-A83E-92F637C2B1C5}"
EndProject
Project("{FAE04EC0-301F-11D3-BF4B-00C04F79EFBC}") = "Application", "Application\Application.csproj", "{921733E5-0118-48F4-A33F-08D26346A826}"
EndProject
Project("{FAE04EC0-301F-11D3-BF4B-00C04F79EFBC}") = "Common", "Common\Common.csproj", "{57F1FA0A-A068-422F-8C17-4B3CA220FDF1}"
EndProject
Project("{FAE04EC0-301F-11D3-BF4B-00C04F79EFBC}") = "Domain", "Domain\Domain.csproj", "{50359CA9-CECD-4941-A433-4FD72934C903}"
EndProject
Project("{2150E333-8FDC-42A3-9474-1A3956D46DE8}") = "Concrete", "Concrete", "{DACDE201-4224-4B88-AA93-C499DC73C9B0}"
EndProject
Project("{FAE04EC0-301F-11D3-BF4B-00C04F79EFBC}") = "Persistence", "Persistence\Persistence.csproj", "{42398B88-4EC3-4925-A7EB-D64D3A568BA2}"
EndProject
Project("{2150E333-8FDC-42A3-9474-1A3956D46DE8}") = "Presentation", "Presentation", "{40AEF787-E068-467D-8CEA-FBD9D07C8FF8}"
EndProject
Project("{FAE04EC0-301F-11D3-BF4B-00C04F79EFBC}") = "WebAPI", "WebAPI\WebAPI.csproj", "{816A6C5A-8C1A-4104-85B8-F694DE746252}"
EndProject
Project("{FAE04EC0-301F-11D3-BF4B-00C04F79EFBC}") = "Infrastructure", "Infrastructure\Infrastructure.csproj", "{C7831A7E-A3F4-488C-99B8-E0670CF1E559}"
EndProject
Global
	GlobalSection(SolutionConfigurationPlatforms) = preSolution
		Debug|Any CPU = Debug|Any CPU
		Release|Any CPU = Release|Any CPU
	EndGlobalSection
	GlobalSection(ProjectConfigurationPlatforms) = postSolution
		{921733E5-0118-48F4-A33F-08D26346A826}.Debug|Any CPU.ActiveCfg = Debug|Any CPU
		{921733E5-0118-48F4-A33F-08D26346A826}.Debug|Any CPU.Build.0 = Debug|Any CPU
		{921733E5-0118-48F4-A33F-08D26346A826}.Release|Any CPU.ActiveCfg = Release|Any CPU
		{921733E5-0118-48F4-A33F-08D26346A826}.Release|Any CPU.Build.0 = Release|Any CPU
		{57F1FA0A-A068-422F-8C17-4B3CA220FDF1}.Debug|Any CPU.ActiveCfg = Debug|Any CPU
		{57F1FA0A-A068-422F-8C17-4B3CA220FDF1}.Debug|Any CPU.Build.0 = Debug|Any CPU
		{57F1FA0A-A068-422F-8C17-4B3CA220FDF1}.Release|Any CPU.ActiveCfg = Release|Any CPU
		{57F1FA0A-A068-422F-8C17-4B3CA220FDF1}.Release|Any CPU.Build.0 = Release|Any CPU
		{50359CA9-CECD-4941-A433-4FD72934C903}.Debug|Any CPU.ActiveCfg = Debug|Any CPU
		{50359CA9-CECD-4941-A433-4FD72934C903}.Debug|Any CPU.Build.0 = Debug|Any CPU
		{50359CA9-CECD-4941-A433-4FD72934C903}.Release|Any CPU.ActiveCfg = Release|Any CPU
		{50359CA9-CECD-4941-A433-4FD72934C903}.Release|Any CPU.Build.0 = Release|Any CPU
		{42398B88-4EC3-4925-A7EB-D64D3A568BA2}.Debug|Any CPU.ActiveCfg = Debug|Any CPU
		{42398B88-4EC3-4925-A7EB-D64D3A568BA2}.Debug|Any CPU.Build.0 = Debug|Any CPU
		{42398B88-4EC3-4925-A7EB-D64D3A568BA2}.Release|Any CPU.ActiveCfg = Release|Any CPU
		{42398B88-4EC3-4925-A7EB-D64D3A568BA2}.Release|Any CPU.Build.0 = Release|Any CPU
		{816A6C5A-8C1A-4104-85B8-F694DE746252}.Debug|Any CPU.ActiveCfg = Debug|Any CPU
		{816A6C5A-8C1A-4104-85B8-F694DE746252}.Debug|Any CPU.Build.0 = Debug|Any CPU
		{816A6C5A-8C1A-4104-85B8-F694DE746252}.Release|Any CPU.ActiveCfg = Release|Any CPU
		{816A6C5A-8C1A-4104-85B8-F694DE746252}.Release|Any CPU.Build.0 = Release|Any CPU
		{C7831A7E-A3F4-488C-99B8-E0670CF1E559}.Debug|Any CPU.ActiveCfg = Debug|Any CPU
		{C7831A7E-A3F4-488C-99B8-E0670CF1E559}.Debug|Any CPU.Build.0 = Debug|Any CPU
		{C7831A7E-A3F4-488C-99B8-E0670CF1E559}.Release|Any CPU.ActiveCfg = Release|Any CPU
		{C7831A7E-A3F4-488C-99B8-E0670CF1E559}.Release|Any CPU.Build.0 = Release|Any CPU
	EndGlobalSection
	GlobalSection(SolutionProperties) = preSolution
		HideSolutionNode = FALSE
	EndGlobalSection
	GlobalSection(NestedProjects) = preSolution
		{FBD34104-F8EF-4237-A83E-92F637C2B1C5} = {D98B48EC-5B87-4D03-B36C-8892A66032CB}
		{921733E5-0118-48F4-A33F-08D26346A826} = {FBD34104-F8EF-4237-A83E-92F637C2B1C5}
		{57F1FA0A-A068-422F-8C17-4B3CA220FDF1} = {FBD34104-F8EF-4237-A83E-92F637C2B1C5}
		{50359CA9-CECD-4941-A433-4FD72934C903} = {FBD34104-F8EF-4237-A83E-92F637C2B1C5}
		{DACDE201-4224-4B88-AA93-C499DC73C9B0} = {D98B48EC-5B87-4D03-B36C-8892A66032CB}
		{42398B88-4EC3-4925-A7EB-D64D3A568BA2} = {DACDE201-4224-4B88-AA93-C499DC73C9B0}
		{40AEF787-E068-467D-8CEA-FBD9D07C8FF8} = {D98B48EC-5B87-4D03-B36C-8892A66032CB}
		{816A6C5A-8C1A-4104-85B8-F694DE746252} = {40AEF787-E068-467D-8CEA-FBD9D07C8FF8}
		{C7831A7E-A3F4-488C-99B8-E0670CF1E559} = {DACDE201-4224-4B88-AA93-C499DC73C9B0}
	EndGlobalSection
	GlobalSection(ExtensibilityGlobals) = postSolution
		SolutionGuid = {7F90241C-2059-4BD6-8406-9EE1934AEB3B}
	EndGlobalSection
EndGlobal
